
Microsoft Visual Studio Solution File, Format Version 12.00
# Visual Studio 14
VisualStudioVersion = 14.0.25420.1
MinimumVisualStudioVersion = 10.0.40219.1
Project("{FAE04EC0-301F-11D3-BF4B-00C04F79EFBC}") = "FW.UI", "FW.UI\FW.UI.csproj", "{B8FC2590-B64B-4E32-9C2B-CC7991A53B8C}"
EndProject
Project("{E24C65DC-7377-472B-9ABA-BC803B73C61A}") = "TestMessageBox", "TestMessageBox\", "{A3265C1E-0BC4-4393-A5D1-CA0B9E2169F6}"
	ProjectSection(WebsiteProperties) = preProject
		TargetFrameworkMoniker = ".NETFramework,Version%3Dv4.5.2"
		ProjectReferences = "{b8fc2590-b64b-4e32-9c2b-cc7991a53b8c}|FW.UI.dll;"
		Debug.AspNetCompiler.VirtualPath = "/localhost_64618"
		Debug.AspNetCompiler.PhysicalPath = "TestMessageBox\"
		Debug.AspNetCompiler.TargetPath = "PrecompiledWeb\localhost_64618\"
		Debug.AspNetCompiler.Updateable = "true"
		Debug.AspNetCompiler.ForceOverwrite = "true"
		Debug.AspNetCompiler.FixedNames = "false"
		Debug.AspNetCompiler.Debug = "True"
		Release.AspNetCompiler.VirtualPath = "/localhost_64618"
		Release.AspNetCompiler.PhysicalPath = "TestMessageBox\"
		Release.AspNetCompiler.TargetPath = "PrecompiledWeb\localhost_64618\"
		Release.AspNetCompiler.Updateable = "true"
		Release.AspNetCompiler.ForceOverwrite = "true"
		Release.AspNetCompiler.FixedNames = "false"
		Release.AspNetCompiler.Debug = "False"
		VWDPort = "64618"
		SlnRelativePath = "TestMessageBox\"
		DefaultWebSiteLanguage = "Visual C#"
	EndProjectSection
EndProject
Global
	GlobalSection(SolutionConfigurationPlatforms) = preSolution
		Debug|Any CPU = Debug|Any CPU
		Release|Any CPU = Release|Any CPU
	EndGlobalSection
	GlobalSection(ProjectConfigurationPlatforms) = postSolution
		{B8FC2590-B64B-4E32-9C2B-CC7991A53B8C}.Debug|Any CPU.ActiveCfg = Debug|Any CPU
		{B8FC2590-B64B-4E32-9C2B-CC7991A53B8C}.Debug|Any CPU.Build.0 = Debug|Any CPU
		{B8FC2590-B64B-4E32-9C2B-CC7991A53B8C}.Release|Any CPU.ActiveCfg = Release|Any CPU
		{B8FC2590-B64B-4E32-9C2B-CC7991A53B8C}.Release|Any CPU.Build.0 = Release|Any CPU
		{A3265C1E-0BC4-4393-A5D1-CA0B9E2169F6}.Debug|Any CPU.ActiveCfg = Debug|Any CPU
		{A3265C1E-0BC4-4393-A5D1-CA0B9E2169F6}.Debug|Any CPU.Build.0 = Debug|Any CPU
		{A3265C1E-0BC4-4393-A5D1-CA0B9E2169F6}.Release|Any CPU.ActiveCfg = Debug|Any CPU
		{A3265C1E-0BC4-4393-A5D1-CA0B9E2169F6}.Release|Any CPU.Build.0 = Debug|Any CPU
	EndGlobalSection
	GlobalSection(SolutionProperties) = preSolution
		HideSolutionNode = FALSE
	EndGlobalSection
EndGlobal
